<?xml version="1.0" encoding="utf-8"?>
<Project ToolsVersion="4.0" xmlns="http://schemas.microsoft.com/developer/msbuild/2003">
  <ItemGroup>
    <Filter Include="Map">
      <UniqueIdentifier>{4FC737F1-C7A5-4376-A066-2A32D752A2FF}</UniqueIdentifier>
      <Extensions>cpp;c;cc;cxx;c++;cppm;ixx;def;odl;idl;hpj;bat;asm;asmx</Extensions>
    </Filter>
    <Filter Include="Player">
      <UniqueIdentifier>{93995380-89BD-4b04-88EB-625FBE52EBFB}</UniqueIdentifier>
      <Extensions>h;hh;hpp;hxx;h++;hm;inl;inc;ipp;xsd</Extensions>
    </Filter>
    <Filter Include="Util">
      <UniqueIdentifier>{196a7066-2437-487a-ade6-e3e6e78bac8c}</UniqueIdentifier>
    </Filter>
    <Filter Include="Resourece">
      <UniqueIdentifier>{67DA6AB6-F800-4c08-8B7A-83BB121AAD01}</UniqueIdentifier>
      <Extensions>rc;ico;cur;bmp;dlg;rc2;rct;bin;rgs;gif;jpg;jpeg;jpe;resx;tiff;tif;png;wav;mfcribbon-ms</Extensions>
    </Filter>
    <Filter Include="OpenGL">
      <UniqueIdentifier>{0ec55258-0740-40ee-bdf9-be33386ecde5}</UniqueIdentifier>
    </Filter>
  </ItemGroup>
  <ItemGroup>
    <ClCompile Include="Map2D.cpp">
      <Filter>Map</Filter>
    </ClCompile>
    <ClCompile Include="main.cpp" />
  </ItemGroup>
  <ItemGroup>
    <ClInclude Include="Player.h">
      <Filter>Player</Filter>
    </ClInclude>
    <ClInclude Include="Map2D.h">
      <Filter>Map</Filter>
    </ClInclude>
    <ClInclude Include="MyUtil.h">
      <Filter>Util</Filter>
    </ClInclude>
    <ClInclude Include="include\GL\freeglut.h">
      <Filter>OpenGL</Filter>
    </ClInclude>
    <ClInclude Include="include\GL\freeglut_ext.h">
      <Filter>OpenGL</Filter>
    </ClInclude>
    <ClInclude Include="include\GL\freeglut_std.h">
      <Filter>OpenGL</Filter>
    </ClInclude>
    <ClInclude Include="include\GL\freeglut_ucall.h">
      <Filter>OpenGL</Filter>
    </ClInclude>
    <ClInclude Include="include\GL\glut.h">
      <Filter>OpenGL</Filter>
    </ClInclude>
  </ItemGroup>
</Project>